
Microsoft Visual Studio Solution File, Format Version 12.00
# Visual Studio 14
VisualStudioVersion = 14.0.24720.0
MinimumVisualStudioVersion = 10.0.40219.1
Project("{FAE04EC0-301F-11D3-BF4B-00C04F79EFBC}") = "ACHIM.Logic", "ACHIM.Logic\ACHIM.Logic.csproj", "{DB1545E6-9115-46D7-8C69-B52C7F417C5F}"
EndProject
Project("{FAE04EC0-301F-11D3-BF4B-00C04F79EFBC}") = "ACHIM.Positioning", "ACHIM.MotorControl\ACHIM.Positioning.csproj", "{F72AC708-649C-4292-A9AB-012FFEEDC15E}"
EndProject
Project("{FAE04EC0-301F-11D3-BF4B-00C04F79EFBC}") = "ACHIM.PumpControl", "ACHIM.PumpControl\ACHIM.PumpControl.csproj", "{C49F91F2-D919-470F-8F96-33C477221460}"
EndProject
Project("{FAE04EC0-301F-11D3-BF4B-00C04F79EFBC}") = "ACHIM.ADConverter", "ACHIM.Helper\ACHIM.ADConverter.csproj", "{BCE0C438-3AF8-4EEF-BF70-7BD339C314AD}"
EndProject
Project("{2150E333-8FDC-42A3-9474-1A3956D46DE8}") = "Test Projects", "Test Projects", "{D287A8A9-8D72-4E42-B572-07F0AE2F38FB}"
EndProject
Project("{FAE04EC0-301F-11D3-BF4B-00C04F79EFBC}") = "ACHIM.StopSwitch.Test", "ACHIM.StopSwitch.Test\ACHIM.StopSwitch.Test.csproj", "{49CF2F8A-5D79-492A-8BAC-9EDA6BE9B407}"
EndProject
Project("{FAE04EC0-301F-11D3-BF4B-00C04F79EFBC}") = "ACHIM.SoilSensor.Test", "ACHIM.SoilSensor.Test\ACHIM.SoilSensor.Test.csproj", "{B95354F0-297B-4627-8D94-1E14C6F2D1A7}"
EndProject
Project("{FAE04EC0-301F-11D3-BF4B-00C04F79EFBC}") = "ACHIM.MCP3008.Test", "ACHIM.MCP3008.Test\ACHIM.MCP3008.Test.csproj", "{E830393E-63BC-475A-9D21-8ED549BD2DAB}"
EndProject
Project("{2150E333-8FDC-42A3-9474-1A3956D46DE8}") = "Components", "Components", "{39F10140-4B9A-4A81-910A-6F6E76F07C07}"
EndProject
Project("{2150E333-8FDC-42A3-9474-1A3956D46DE8}") = "Models", "Models", "{6793051E-F2BB-4F9A-BD85-589606EE280B}"
EndProject
Project("{FAE04EC0-301F-11D3-BF4B-00C04F79EFBC}") = "ACHIM.Model", "ACHIM.Model\ACHIM.Model.csproj", "{1A55B497-164E-4012-8E28-9544AD308632}"
EndProject
Global
	GlobalSection(SolutionConfigurationPlatforms) = preSolution
		Debug|Any CPU = Debug|Any CPU
		Release|Any CPU = Release|Any CPU
	EndGlobalSection
	GlobalSection(ProjectConfigurationPlatforms) = postSolution
		{DB1545E6-9115-46D7-8C69-B52C7F417C5F}.Debug|Any CPU.ActiveCfg = Debug|Any CPU
		{DB1545E6-9115-46D7-8C69-B52C7F417C5F}.Debug|Any CPU.Build.0 = Debug|Any CPU
		{DB1545E6-9115-46D7-8C69-B52C7F417C5F}.Release|Any CPU.ActiveCfg = Release|Any CPU
		{DB1545E6-9115-46D7-8C69-B52C7F417C5F}.Release|Any CPU.Build.0 = Release|Any CPU
		{F72AC708-649C-4292-A9AB-012FFEEDC15E}.Debug|Any CPU.ActiveCfg = Debug|Any CPU
		{F72AC708-649C-4292-A9AB-012FFEEDC15E}.Debug|Any CPU.Build.0 = Debug|Any CPU
		{F72AC708-649C-4292-A9AB-012FFEEDC15E}.Release|Any CPU.ActiveCfg = Release|Any CPU
		{F72AC708-649C-4292-A9AB-012FFEEDC15E}.Release|Any CPU.Build.0 = Release|Any CPU
		{C49F91F2-D919-470F-8F96-33C477221460}.Debug|Any CPU.ActiveCfg = Debug|Any CPU
		{C49F91F2-D919-470F-8F96-33C477221460}.Debug|Any CPU.Build.0 = Debug|Any CPU
		{C49F91F2-D919-470F-8F96-33C477221460}.Release|Any CPU.ActiveCfg = Release|Any CPU
		{C49F91F2-D919-470F-8F96-33C477221460}.Release|Any CPU.Build.0 = Release|Any CPU
		{BCE0C438-3AF8-4EEF-BF70-7BD339C314AD}.Debug|Any CPU.ActiveCfg = Debug|Any CPU
		{BCE0C438-3AF8-4EEF-BF70-7BD339C314AD}.Debug|Any CPU.Build.0 = Debug|Any CPU
		{BCE0C438-3AF8-4EEF-BF70-7BD339C314AD}.Release|Any CPU.ActiveCfg = Release|Any CPU
		{BCE0C438-3AF8-4EEF-BF70-7BD339C314AD}.Release|Any CPU.Build.0 = Release|Any CPU
		{49CF2F8A-5D79-492A-8BAC-9EDA6BE9B407}.Debug|Any CPU.ActiveCfg = Debug|Any CPU
		{49CF2F8A-5D79-492A-8BAC-9EDA6BE9B407}.Debug|Any CPU.Build.0 = Debug|Any CPU
		{49CF2F8A-5D79-492A-8BAC-9EDA6BE9B407}.Release|Any CPU.ActiveCfg = Release|Any CPU
		{49CF2F8A-5D79-492A-8BAC-9EDA6BE9B407}.Release|Any CPU.Build.0 = Release|Any CPU
		{B95354F0-297B-4627-8D94-1E14C6F2D1A7}.Debug|Any CPU.ActiveCfg = Debug|Any CPU
		{B95354F0-297B-4627-8D94-1E14C6F2D1A7}.Debug|Any CPU.Build.0 = Debug|Any CPU
		{B95354F0-297B-4627-8D94-1E14C6F2D1A7}.Release|Any CPU.ActiveCfg = Release|Any CPU
		{B95354F0-297B-4627-8D94-1E14C6F2D1A7}.Release|Any CPU.Build.0 = Release|Any CPU
		{E830393E-63BC-475A-9D21-8ED549BD2DAB}.Debug|Any CPU.ActiveCfg = Debug|Any CPU
		{E830393E-63BC-475A-9D21-8ED549BD2DAB}.Debug|Any CPU.Build.0 = Debug|Any CPU
		{E830393E-63BC-475A-9D21-8ED549BD2DAB}.Release|Any CPU.ActiveCfg = Release|Any CPU
		{E830393E-63BC-475A-9D21-8ED549BD2DAB}.Release|Any CPU.Build.0 = Release|Any CPU
		{1A55B497-164E-4012-8E28-9544AD308632}.Debug|Any CPU.ActiveCfg = Debug|Any CPU
		{1A55B497-164E-4012-8E28-9544AD308632}.Debug|Any CPU.Build.0 = Debug|Any CPU
		{1A55B497-164E-4012-8E28-9544AD308632}.Release|Any CPU.ActiveCfg = Release|Any CPU
		{1A55B497-164E-4012-8E28-9544AD308632}.Release|Any CPU.Build.0 = Release|Any CPU
	EndGlobalSection
	GlobalSection(SolutionProperties) = preSolution
		HideSolutionNode = FALSE
	EndGlobalSection
	GlobalSection(NestedProjects) = preSolution
		{F72AC708-649C-4292-A9AB-012FFEEDC15E} = {39F10140-4B9A-4A81-910A-6F6E76F07C07}
		{C49F91F2-D919-470F-8F96-33C477221460} = {39F10140-4B9A-4A81-910A-6F6E76F07C07}
		{BCE0C438-3AF8-4EEF-BF70-7BD339C314AD} = {39F10140-4B9A-4A81-910A-6F6E76F07C07}
		{49CF2F8A-5D79-492A-8BAC-9EDA6BE9B407} = {D287A8A9-8D72-4E42-B572-07F0AE2F38FB}
		{B95354F0-297B-4627-8D94-1E14C6F2D1A7} = {D287A8A9-8D72-4E42-B572-07F0AE2F38FB}
		{E830393E-63BC-475A-9D21-8ED549BD2DAB} = {D287A8A9-8D72-4E42-B572-07F0AE2F38FB}
		{1A55B497-164E-4012-8E28-9544AD308632} = {6793051E-F2BB-4F9A-BD85-589606EE280B}
	EndGlobalSection
EndGlobal
